
Microsoft Visual Studio Solution File, Format Version 12.00
# Visual Studio Version 17
VisualStudioVersion = 17.11.35208.52
MinimumVisualStudioVersion = 10.0.40219.1
Project("{FAE04EC0-301F-11D3-BF4B-00C04F79EFBC}") = "ExamenPA", "ExamenPA\ExamenPA.csproj", "{B957D730-D9E1-46B7-9509-C8B4ED4776FE}"
EndProject
Global
	GlobalSection(SolutionConfigurationPlatforms) = preSolution
		Debug|Any CPU = Debug|Any CPU
		Release|Any CPU = Release|Any CPU
	EndGlobalSection
	GlobalSection(ProjectConfigurationPlatforms) = postSolution
		{B957D730-D9E1-46B7-9509-C8B4ED4776FE}.Debug|Any CPU.ActiveCfg = Debug|Any CPU
		{B957D730-D9E1-46B7-9509-C8B4ED4776FE}.Debug|Any CPU.Build.0 = Debug|Any CPU
		{B957D730-D9E1-46B7-9509-C8B4ED4776FE}.Release|Any CPU.ActiveCfg = Release|Any CPU
		{B957D730-D9E1-46B7-9509-C8B4ED4776FE}.Release|Any CPU.Build.0 = Release|Any CPU
	EndGlobalSection
	GlobalSection(SolutionProperties) = preSolution
		HideSolutionNode = FALSE
	EndGlobalSection
	GlobalSection(ExtensibilityGlobals) = postSolution
		SolutionGuid = {AA062F79-89D6-4154-AFC6-3B19143A076C}
	EndGlobalSection
EndGlobal
